// !$*UTF8*$!
{
	archiveVersion = 1;
	classes = {
	};
	objectVersion = 77;
	objects = {

/* Begin PBXContainerItemProxy section */
		A785E5512CB5361A00C1F087 /* PBXContainerItemProxy */ = {
			isa = PBXContainerItemProxy;
			containerPortal = A785E5382CB5361900C1F087 /* Project object */;
			proxyType = 1;
			remoteGlobalIDString = A785E53F2CB5361900C1F087;
			remoteInfo = Umow.sie;
		};
		A785E55B2CB5361A00C1F087 /* PBXContainerItemProxy */ = {
			isa = PBXContainerItemProxy;
			containerPortal = A785E5382CB5361900C1F087 /* Project object */;
			proxyType = 1;
			remoteGlobalIDString = A785E53F2CB5361900C1F087;
			remoteInfo = Umow.sie;
		};
/* End PBXContainerItemProxy section */

/* Begin PBXFileReference section */
		A785E5402CB5361900C1F087 /* Umow.sie.app */ = {isa = PBXFileReference; explicitFileType = wrapper.application; includeInIndex = 0; path = Umow.sie.app; sourceTree = BUILT_PRODUCTS_DIR; };
		A785E5502CB5361A00C1F087 /* Umow.sieTests.xctest */ = {isa = PBXFileReference; explicitFileType = wrapper.cfbundle; includeInIndex = 0; path = Umow.sieTests.xctest; sourceTree = BUILT_PRODUCTS_DIR; };
		A785E55A2CB5361A00C1F087 /* Umow.sieUITests.xctest */ = {isa = PBXFileReference; explicitFileType = wrapper.cfbundle; includeInIndex = 0; path = Umow.sieUITests.xctest; sourceTree = BUILT_PRODUCTS_DIR; };
/* End PBXFileReference section */

/* Begin PBXFileSystemSynchronizedRootGroup section */
		A785E5422CB5361900C1F087 /* Umow.sie */ = {
			isa = PBXFileSystemSynchronizedRootGroup;
			path = Umow.sie;
			sourceTree = "<group>";
		};
		A785E5532CB5361A00C1F087 /* Umow.sieTests */ = {
			isa = PBXFileSystemSynchronizedRootGroup;
			path = Umow.sieTests;
			sourceTree = "<group>";
		};
		A785E55D2CB5361A00C1F087 /* Umow.sieUITests */ = {
			isa = PBXFileSystemSynchronizedRootGroup;
			path = Umow.sieUITests;
			sourceTree = "<group>";
		};
/* End PBXFileSystemSynchronizedRootGroup section */

/* Begin PBXFrameworksBuildPhase section */
		A785E53D2CB5361900C1F087 /* Frameworks */ = {
			isa = PBXFrameworksBuildPhase;
			buildActionMask = 2147483647;
			files = (
			);
			runOnlyForDeploymentPostprocessing = 0;
		};
		A785E54D2CB5361A00C1F087 /* Frameworks */ = {
			isa = PBXFrameworksBuildPhase;
			buildActionMask = 2147483647;
			files = (
			);
			runOnlyForDeploymentPostprocessing = 0;
		};
		A785E5572CB5361A00C1F087 /* Frameworks */ = {
			isa = PBXFrameworksBuildPhase;
			buildActionMask = 2147483647;
			files = (
			);
			runOnlyForDeploymentPostprocessing = 0;
		};
/* End PBXFrameworksBuildPhase section */

/* Begin PBXGroup section */
		A785E5372CB5361900C1F087 = {
			isa = PBXGroup;
			children = (
				A785E5422CB5361900C1F087 /* Umow.sie */,
				A785E5532CB5361A00C1F087 /* Umow.sieTests */,
				A785E55D2CB5361A00C1F087 /* Umow.sieUITests */,
				A785E5412CB5361900C1F087 /* Products */,
			);
			sourceTree = "<group>";
		};
		A785E5412CB5361900C1F087 /* Products */ = {
			isa = PBXGroup;
			children = (
				A785E5402CB5361900C1F087 /* Umow.sie.app */,
				A785E5502CB5361A00C1F087 /* Umow.sieTests.xctest */,
				A785E55A2CB5361A00C1F087 /* Umow.sieUITests.xctest */,
			);
			name = Products;
			sourceTree = "<group>";
		};
/* End PBXGroup section */

/* Begin PBXNativeTarget section */
		A785E53F2CB5361900C1F087 /* Umow.sie */ = {
			isa = PBXNativeTarget;
			buildConfigurationList = A785E5642CB5361A00C1F087 /* Build configuration list for PBXNativeTarget "Umow.sie" */;
			buildPhases = (
				A785E53C2CB5361900C1F087 /* Sources */,
				A785E53D2CB5361900C1F087 /* Frameworks */,
				A785E53E2CB5361900C1F087 /* Resources */,
			);
			buildRules = (
			);
			dependencies = (
			);
			fileSystemSynchronizedGroups = (
				A785E5422CB5361900C1F087 /* Umow.sie */,
			);
			name = Umow.sie;
			packageProductDependencies = (
			);
			productName = Umow.sie;
			productReference = A785E5402CB5361900C1F087 /* Umow.sie.app */;
			productType = "com.apple.product-type.application";
		};
		A785E54F2CB5361A00C1F087 /* Umow.sieTests */ = {
			isa = PBXNativeTarget;
			buildConfigurationList = A785E5672CB5361A00C1F087 /* Build configuration list for PBXNativeTarget "Umow.sieTests" */;
			buildPhases = (
				A785E54C2CB5361A00C1F087 /* Sources */,
				A785E54D2CB5361A00C1F087 /* Frameworks */,
				A785E54E2CB5361A00C1F087 /* Resources */,
			);
			buildRules = (
			);
			dependencies = (
				A785E5522CB5361A00C1F087 /* PBXTargetDependency */,
			);
			fileSystemSynchronizedGroups = (
				A785E5532CB5361A00C1F087 /* Umow.sieTests */,
			);
			name = Umow.sieTests;
			packageProductDependencies = (
			);
			productName = Umow.sieTests;
			productReference = A785E5502CB5361A00C1F087 /* Umow.sieTests.xctest */;
			productType = "com.apple.product-type.bundle.unit-test";
		};
		A785E5592CB5361A00C1F087 /* Umow.sieUITests */ = {
			isa = PBXNativeTarget;
			buildConfigurationList = A785E56A2CB5361A00C1F087 /* Build configuration list for PBXNativeTarget "Umow.sieUITests" */;
			buildPhases = (
				A785E5562CB5361A00C1F087 /* Sources */,
				A785E5572CB5361A00C1F087 /* Frameworks */,
				A785E5582CB5361A00C1F087 /* Resources */,
			);
			buildRules = (
			);
			dependencies = (
				A785E55C2CB5361A00C1F087 /* PBXTargetDependency */,
			);
			fileSystemSynchronizedGroups = (
				A785E55D2CB5361A00C1F087 /* Umow.sieUITests */,
			);
			name = Umow.sieUITests;
			packageProductDependencies = (
			);
			productName = Umow.sieUITests;
			productReference = A785E55A2CB5361A00C1F087 /* Umow.sieUITests.xctest */;
			productType = "com.apple.product-type.bundle.ui-testing";
		};
/* End PBXNativeTarget section */

/* Begin PBXProject section */
		A785E5382CB5361900C1F087 /* Project object */ = {
			isa = PBXProject;
			attributes = {
				BuildIndependentTargetsInParallel = 1;
				LastSwiftUpdateCheck = 1600;
				LastUpgradeCheck = 1600;
				TargetAttributes = {
					A785E53F2CB5361900C1F087 = {
						CreatedOnToolsVersion = 16.0;
					};
					A785E54F2CB5361A00C1F087 = {
						CreatedOnToolsVersion = 16.0;
						TestTargetID = A785E53F2CB5361900C1F087;
					};
					A785E5592CB5361A00C1F087 = {
						CreatedOnToolsVersion = 16.0;
						TestTargetID = A785E53F2CB5361900C1F087;
					};
				};
			};
			buildConfigurationList = A785E53B2CB5361900C1F087 /* Build configuration list for PBXProject "Umow.sie" */;
			developmentRegion = en;
			hasScannedForEncodings = 0;
			knownRegions = (
				en,
				Base,
			);
			mainGroup = A785E5372CB5361900C1F087;
			minimizedProjectReferenceProxies = 1;
			preferredProjectObjectVersion = 77;
			productRefGroup = A785E5412CB5361900C1F087 /* Products */;
			projectDirPath = "";
			projectRoot = "";
			targets = (
				A785E53F2CB5361900C1F087 /* Umow.sie */,
				A785E54F2CB5361A00C1F087 /* Umow.sieTests */,
				A785E5592CB5361A00C1F087 /* Umow.sieUITests */,
			);
		};
/* End PBXProject section */

/* Begin PBXResourcesBuildPhase section */
		A785E53E2CB5361900C1F087 /* Resources */ = {
			isa = PBXResourcesBuildPhase;
			buildActionMask = 2147483647;
			files = (
			);
			runOnlyForDeploymentPostprocessing = 0;
		};
		A785E54E2CB5361A00C1F087 /* Resources */ = {
			isa = PBXResourcesBuildPhase;
			buildActionMask = 2147483647;
			files = (
			);
			runOnlyForDeploymentPostprocessing = 0;
		};
		A785E5582CB5361A00C1F087 /* Resources */ = {
			isa = PBXResourcesBuildPhase;
			buildActionMask = 2147483647;
			files = (
			);
			runOnlyForDeploymentPostprocessing = 0;
		};
/* End PBXResourcesBuildPhase section */

/* Begin PBXSourcesBuildPhase section */
		A785E53C2CB5361900C1F087 /* Sources */ = {
			isa = PBXSourcesBuildPhase;
			buildActionMask = 2147483647;
			files = (
			);
			runOnlyForDeploymentPostprocessing = 0;
		};
		A785E54C2CB5361A00C1F087 /* Sources */ = {
			isa = PBXSourcesBuildPhase;
			buildActionMask = 2147483647;
			files = (
			);
			runOnlyForDeploymentPostprocessing = 0;
		};
		A785E5562CB5361A00C1F087 /* Sources */ = {
			isa = PBXSourcesBuildPhase;
			buildActionMask = 2147483647;
			files = (
			);
			runOnlyForDeploymentPostprocessing = 0;
		};
/* End PBXSourcesBuildPhase section */

/* Begin PBXTargetDependency section */
		A785E5522CB5361A00C1F087 /* PBXTargetDependency */ = {
			isa = PBXTargetDependency;
			target = A785E53F2CB5361900C1F087 /* Umow.sie */;
			targetProxy = A785E5512CB5361A00C1F087 /* PBXContainerItemProxy */;
		};
		A785E55C2CB5361A00C1F087 /* PBXTargetDependency */ = {
			isa = PBXTargetDependency;
			target = A785E53F2CB5361900C1F087 /* Umow.sie */;
			targetProxy = A785E55B2CB5361A00C1F087 /* PBXContainerItemProxy */;
		};
/* End PBXTargetDependency section */

/* Begin XCBuildConfiguration section */
		A785E5622CB5361A00C1F087 /* Debug */ = {
			isa = XCBuildConfiguration;
			buildSettings = {
				ALWAYS_SEARCH_USER_PATHS = NO;
				ASSETCATALOG_COMPILER_GENERATE_SWIFT_ASSET_SYMBOL_EXTENSIONS = YES;
				CLANG_ANALYZER_NONNULL = YES;
				CLANG_ANALYZER_NUMBER_OBJECT_CONVERSION = YES_AGGRESSIVE;
				CLANG_CXX_LANGUAGE_STANDARD = "gnu++20";
				CLANG_ENABLE_MODULES = YES;
				CLANG_ENABLE_OBJC_ARC = YES;
				CLANG_ENABLE_OBJC_WEAK = YES;
				CLANG_WARN_BLOCK_CAPTURE_AUTORELEASING = YES;
				CLANG_WARN_BOOL_CONVERSION = YES;
				CLANG_WARN_COMMA = YES;
				CLANG_WARN_CONSTANT_CONVERSION = YES;
				CLANG_WARN_DEPRECATED_OBJC_IMPLEMENTATIONS = YES;
				CLANG_WARN_DIRECT_OBJC_ISA_USAGE = YES_ERROR;
				CLANG_WARN_DOCUMENTATION_COMMENTS = YES;
				CLANG_WARN_EMPTY_BODY = YES;
				CLANG_WARN_ENUM_CONVERSION = YES;
				CLANG_WARN_INFINITE_RECURSION = YES;
				CLANG_WARN_INT_CONVERSION = YES;
				CLANG_WARN_NON_LITERAL_NULL_CONVERSION = YES;
				CLANG_WARN_OBJC_IMPLICIT_RETAIN_SELF = YES;
				CLANG_WARN_OBJC_LITERAL_CONVERSION = YES;
				CLANG_WARN_OBJC_ROOT_CLASS = YES_ERROR;
				CLANG_WARN_QUOTED_INCLUDE_IN_FRAMEWORK_HEADER = YES;
				CLANG_WARN_RANGE_LOOP_ANALYSIS = YES;
				CLANG_WARN_STRICT_PROTOTYPES = YES;
				CLANG_WARN_SUSPICIOUS_MOVE = YES;
				CLANG_WARN_UNGUARDED_AVAILABILITY = YES_AGGRESSIVE;
				CLANG_WARN_UNREACHABLE_CODE = YES;
				CLANG_WARN__DUPLICATE_METHOD_MATCH = YES;
				COPY_PHASE_STRIP = NO;
				DEBUG_INFORMATION_FORMAT = dwarf;
				ENABLE_STRICT_OBJC_MSGSEND = YES;
				ENABLE_TESTABILITY = YES;
				ENABLE_USER_SCRIPT_SANDBOXING = YES;
				GCC_C_LANGUAGE_STANDARD = gnu17;
				GCC_DYNAMIC_NO_PIC = NO;
				GCC_NO_COMMON_BLOCKS = YES;
				GCC_OPTIMIZATION_LEVEL = 0;
				GCC_PREPROCESSOR_DEFINITIONS = (
					"DEBUG=1",
					"$(inherited)",
				);
				GCC_WARN_64_TO_32_BIT_CONVERSION = YES;
				GCC_WARN_ABOUT_RETURN_TYPE = YES_ERROR;
				GCC_WARN_UNDECLARED_SELECTOR = YES;
				GCC_WARN_UNINITIALIZED_AUTOS = YES_AGGRESSIVE;
				GCC_WARN_UNUSED_FUNCTION = YES;
				GCC_WARN_UNUSED_VARIABLE = YES;
				IPHONEOS_DEPLOYMENT_TARGET = 18.0;
				LOCALIZATION_PREFERS_STRING_CATALOGS = YES;
				MTL_ENABLE_DEBUG_INFO = INCLUDE_SOURCE;
				MTL_FAST_MATH = YES;
				ONLY_ACTIVE_ARCH = YES;
				SDKROOT = iphoneos;
				SWIFT_ACTIVE_COMPILATION_CONDITIONS = "DEBUG $(inherited)";
				SWIFT_OPTIMIZATION_LEVEL = "-Onone";
			};
			name = Debug;
		};
		A785E5632CB5361A00C1F087 /* Release */ = {
			isa = XCBuildConfiguration;
			buildSettings = {
				ALWAYS_SEARCH_USER_PATHS = NO;
				ASSETCATALOG_COMPILER_GENERATE_SWIFT_ASSET_SYMBOL_EXTENSIONS = YES;
				CLANG_ANALYZER_NONNULL = YES;
				CLANG_ANALYZER_NUMBER_OBJECT_CONVERSION = YES_AGGRESSIVE;
				CLANG_CXX_LANGUAGE_STANDARD = "gnu++20";
				CLANG_ENABLE_MODULES = YES;
				CLANG_ENABLE_OBJC_ARC = YES;
				CLANG_ENABLE_OBJC_WEAK = YES;
				CLANG_WARN_BLOCK_CAPTURE_AUTORELEASING = YES;
				CLANG_WARN_BOOL_CONVERSION = YES;
				CLANG_WARN_COMMA = YES;
				CLANG_WARN_CONSTANT_CONVERSION = YES;
				CLANG_WARN_DEPRECATED_OBJC_IMPLEMENTATIONS = YES;
				CLANG_WARN_DIRECT_OBJC_ISA_USAGE = YES_ERROR;
				CLANG_WARN_DOCUMENTATION_COMMENTS = YES;
				CLANG_WARN_EMPTY_BODY = YES;
				CLANG_WARN_ENUM_CONVERSION = YES;
				CLANG_WARN_INFINITE_RECURSION = YES;
				CLANG_WARN_INT_CONVERSION = YES;
				CLANG_WARN_NON_LITERAL_NULL_CONVERSION = YES;
				CLANG_WARN_OBJC_IMPLICIT_RETAIN_SELF = YES;
				CLANG_WARN_OBJC_LITERAL_CONVERSION = YES;
				CLANG_WARN_OBJC_ROOT_CLASS = YES_ERROR;
				CLANG_WARN_QUOTED_INCLUDE_IN_FRAMEWORK_HEADER = YES;
				CLANG_WARN_RANGE_LOOP_ANALYSIS = YES;
				CLANG_WARN_STRICT_PROTOTYPES = YES;
				CLANG_WARN_SUSPICIOUS_MOVE = YES;
				CLANG_WARN_UNGUARDED_AVAILABILITY = YES_AGGRESSIVE;
				CLANG_WARN_UNREACHABLE_CODE = YES;
				CLANG_WARN__DUPLICATE_METHOD_MATCH = YES;
				COPY_PHASE_STRIP = NO;
				DEBUG_INFORMATION_FORMAT = "dwarf-with-dsym";
				ENABLE_NS_ASSERTIONS = NO;
				ENABLE_STRICT_OBJC_MSGSEND = YES;
				ENABLE_USER_SCRIPT_SANDBOXING = YES;
				GCC_C_LANGUAGE_STANDARD = gnu17;
				GCC_NO_COMMON_BLOCKS = YES;
				GCC_WARN_64_TO_32_BIT_CONVERSION = YES;
				GCC_WARN_ABOUT_RETURN_TYPE = YES_ERROR;
				GCC_WARN_UNDECLARED_SELECTOR = YES;
				GCC_WARN_UNINITIALIZED_AUTOS = YES_AGGRESSIVE;
				GCC_WARN_UNUSED_FUNCTION = YES;
				GCC_WARN_UNUSED_VARIABLE = YES;
				IPHONEOS_DEPLOYMENT_TARGET = 18.0;
				LOCALIZATION_PREFERS_STRING_CATALOGS = YES;
				MTL_ENABLE_DEBUG_INFO = NO;
				MTL_FAST_MATH = YES;
				SDKROOT = iphoneos;
				SWIFT_COMPILATION_MODE = wholemodule;
				VALIDATE_PRODUCT = YES;
			};
			name = Release;
		};
		A785E5652CB5361A00C1F087 /* Debug */ = {
			isa = XCBuildConfiguration;
			buildSettings = {
				ASSETCATALOG_COMPILER_APPICON_NAME = AppIcon;
				ASSETCATALOG_COMPILER_GLOBAL_ACCENT_COLOR_NAME = AccentColor;
				CODE_SIGN_STYLE = Automatic;
				CURRENT_PROJECT_VERSION = 1;
				DEVELOPMENT_ASSET_PATHS = "\"Umow.sie/Preview Content\"";
				DEVELOPMENT_TEAM = 4D3NF69SKS;
				ENABLE_PREVIEWS = YES;
				GENERATE_INFOPLIST_FILE = YES;
				INFOPLIST_KEY_UIApplicationSceneManifest_Generation = YES;
				INFOPLIST_KEY_UIApplicationSupportsIndirectInputEvents = YES;
				INFOPLIST_KEY_UILaunchScreen_Generation = YES;
				INFOPLIST_KEY_UISupportedInterfaceOrientations_iPad = "UIInterfaceOrientationPortrait UIInterfaceOrientationPortraitUpsideDown UIInterfaceOrientationLandscapeLeft UIInterfaceOrientationLandscapeRight";
				INFOPLIST_KEY_UISupportedInterfaceOrientations_iPhone = "UIInterfaceOrientationPortrait UIInterfaceOrientationLandscapeLeft UIInterfaceOrientationLandscapeRight";
				LD_RUNPATH_SEARCH_PATHS = (
					"$(inherited)",
					"@executable_path/Frameworks",
				);
				MARKETING_VERSION = 1.0;
				PRODUCT_BUNDLE_IDENTIFIER = "com.bartoszstrzecha.Umow-sie";
				PRODUCT_NAME = "$(TARGET_NAME)";
				SWIFT_EMIT_LOC_STRINGS = YES;
				SWIFT_VERSION = 5.0;
				TARGETED_DEVICE_FAMILY = "1,2";
			};
			name = Debug;
		};
		A785E5662CB5361A00C1F087 /* Release */ = {
			isa = XCBuildConfiguration;
			buildSettings = {
				ASSETCATALOG_COMPILER_APPICON_NAME = AppIcon;
				ASSETCATALOG_COMPILER_GLOBAL_ACCENT_COLOR_NAME = AccentColor;
				CODE_SIGN_STYLE = Automatic;
				CURRENT_PROJECT_VERSION = 1;
				DEVELOPMENT_ASSET_PATHS = "\"Umow.sie/Preview Content\"";
				DEVELOPMENT_TEAM = 4D3NF69SKS;
				ENABLE_PREVIEWS = YES;
				GENERATE_INFOPLIST_FILE = YES;
				INFOPLIST_KEY_UIApplicationSceneManifest_Generation = YES;
				INFOPLIST_KEY_UIApplicationSupportsIndirectInputEvents = YES;
				INFOPLIST_KEY_UILaunchScreen_Generation = YES;
				INFOPLIST_KEY_UISupportedInterfaceOrientations_iPad = "UIInterfaceOrientationPortrait UIInterfaceOrientationPortraitUpsideDown UIInterfaceOrientationLandscapeLeft UIInterfaceOrientationLandscapeRight";
				INFOPLIST_KEY_UISupportedInterfaceOrientations_iPhone = "UIInterfaceOrientationPortrait UIInterfaceOrientationLandscapeLeft UIInterfaceOrientationLandscapeRight";
				LD_RUNPATH_SEARCH_PATHS = (
					"$(inherited)",
					"@executable_path/Frameworks",
				);
				MARKETING_VERSION = 1.0;
				PRODUCT_BUNDLE_IDENTIFIER = "com.bartoszstrzecha.Umow-sie";
				PRODUCT_NAME = "$(TARGET_NAME)";
				SWIFT_EMIT_LOC_STRINGS = YES;
				SWIFT_VERSION = 5.0;
				TARGETED_DEVICE_FAMILY = "1,2";
			};
			name = Release;
		};
		A785E5682CB5361A00C1F087 /* Debug */ = {
			isa = XCBuildConfiguration;
			buildSettings = {
				BUNDLE_LOADER = "$(TEST_HOST)";
				CODE_SIGN_STYLE = Automatic;
				CURRENT_PROJECT_VERSION = 1;
				DEVELOPMENT_TEAM = 4D3NF69SKS;
				GENERATE_INFOPLIST_FILE = YES;
				IPHONEOS_DEPLOYMENT_TARGET = 18.0;
				MARKETING_VERSION = 1.0;
				PRODUCT_BUNDLE_IDENTIFIER = "com.bartoszstrzecha.Umow-sieTests";
				PRODUCT_NAME = "$(TARGET_NAME)";
				SWIFT_EMIT_LOC_STRINGS = NO;
				SWIFT_VERSION = 5.0;
				TARGETED_DEVICE_FAMILY = "1,2";
				TEST_HOST = "$(BUILT_PRODUCTS_DIR)/Umow.sie.app/$(BUNDLE_EXECUTABLE_FOLDER_PATH)/Umow.sie";
			};
			name = Debug;
		};
		A785E5692CB5361A00C1F087 /* Release */ = {
			isa = XCBuildConfiguration;
			buildSettings = {
				BUNDLE_LOADER = "$(TEST_HOST)";
				CODE_SIGN_STYLE = Automatic;
				CURRENT_PROJECT_VERSION = 1;
				DEVELOPMENT_TEAM = 4D3NF69SKS;
				GENERATE_INFOPLIST_FILE = YES;
				IPHONEOS_DEPLOYMENT_TARGET = 18.0;
				MARKETING_VERSION = 1.0;
				PRODUCT_BUNDLE_IDENTIFIER = "com.bartoszstrzecha.Umow-sieTests";
				PRODUCT_NAME = "$(TARGET_NAME)";
				SWIFT_EMIT_LOC_STRINGS = NO;
				SWIFT_VERSION = 5.0;
				TARGETED_DEVICE_FAMILY = "1,2";
				TEST_HOST = "$(BUILT_PRODUCTS_DIR)/Umow.sie.app/$(BUNDLE_EXECUTABLE_FOLDER_PATH)/Umow.sie";
			};
			name = Release;
		};
		A785E56B2CB5361A00C1F087 /* Debug */ = {
			isa = XCBuildConfiguration;
			buildSettings = {
				CODE_SIGN_STYLE = Automatic;
				CURRENT_PROJECT_VERSION = 1;
				DEVELOPMENT_TEAM = 4D3NF69SKS;
				GENERATE_INFOPLIST_FILE = YES;
				MARKETING_VERSION = 1.0;
				PRODUCT_BUNDLE_IDENTIFIER = "com.bartoszstrzecha.Umow-sieUITests";
				PRODUCT_NAME = "$(TARGET_NAME)";
				SWIFT_EMIT_LOC_STRINGS = NO;
				SWIFT_VERSION = 5.0;
				TARGETED_DEVICE_FAMILY = "1,2";
				TEST_TARGET_NAME = Umow.sie;
			};
			name = Debug;
		};
		A785E56C2CB5361A00C1F087 /* Release */ = {
			isa = XCBuildConfiguration;
			buildSettings = {
				CODE_SIGN_STYLE = Automatic;
				CURRENT_PROJECT_VERSION = 1;
				DEVELOPMENT_TEAM = 4D3NF69SKS;
				GENERATE_INFOPLIST_FILE = YES;
				MARKETING_VERSION = 1.0;
				PRODUCT_BUNDLE_IDENTIFIER = "com.bartoszstrzecha.Umow-sieUITests";
				PRODUCT_NAME = "$(TARGET_NAME)";
				SWIFT_EMIT_LOC_STRINGS = NO;
				SWIFT_VERSION = 5.0;
				TARGETED_DEVICE_FAMILY = "1,2";
				TEST_TARGET_NAME = Umow.sie;
			};
			name = Release;
		};
/* End XCBuildConfiguration section */

/* Begin XCConfigurationList section */
		A785E53B2CB5361900C1F087 /* Build configuration list for PBXProject "Umow.sie" */ = {
			isa = XCConfigurationList;
			buildConfigurations = (
				A785E5622CB5361A00C1F087 /* Debug */,
				A785E5632CB5361A00C1F087 /* Release */,
			);
			defaultConfigurationIsVisible = 0;
			defaultConfigurationName = Release;
		};
		A785E5642CB5361A00C1F087 /* Build configuration list for PBXNativeTarget "Umow.sie" */ = {
			isa = XCConfigurationList;
			buildConfigurations = (
				A785E5652CB5361A00C1F087 /* Debug */,
				A785E5662CB5361A00C1F087 /* Release */,
			);
			defaultConfigurationIsVisible = 0;
			defaultConfigurationName = Release;
		};
		A785E5672CB5361A00C1F087 /* Build configuration list for PBXNativeTarget "Umow.sieTests" */ = {
			isa = XCConfigurationList;
			buildConfigurations = (
				A785E5682CB5361A00C1F087 /* Debug */,
				A785E5692CB5361A00C1F087 /* Release */,
			);
			defaultConfigurationIsVisible = 0;
			defaultConfigurationName = Release;
		};
		A785E56A2CB5361A00C1F087 /* Build configuration list for PBXNativeTarget "Umow.sieUITests" */ = {
			isa = XCConfigurationList;
			buildConfigurations = (
				A785E56B2CB5361A00C1F087 /* Debug */,
				A785E56C2CB5361A00C1F087 /* Release */,
			);
			defaultConfigurationIsVisible = 0;
			defaultConfigurationName = Release;
		};
/* End XCConfigurationList section */
	};
	rootObject = A785E5382CB5361900C1F087 /* Project object */;
}
