// !$*UTF8*$!
{
	archiveVersion = 1;
	classes = {
	};
	objectVersion = 77;
	objects = {

/* Begin PBXBuildFile section */
		A705CB702CE5528400D27EC5 /* SalonDetailViewModel.swift in Sources */ = {isa = PBXBuildFile; fileRef = A705CB6F2CE5528400D27EC5 /* SalonDetailViewModel.swift */; };
		A705CB722CE6BB8500D27EC5 /* Employee.swift in Sources */ = {isa = PBXBuildFile; fileRef = A705CB712CE6BB7B00D27EC5 /* Employee.swift */; };
		A7165F952CDA2BE800DB73FA /* SalonDetailView.swift in Sources */ = {isa = PBXBuildFile; fileRef = A7165F942CDA2BE800DB73FA /* SalonDetailView.swift */; };
		A7165F982CDA2D0100DB73FA /* Salon.swift in Sources */ = {isa = PBXBuildFile; fileRef = A7165F972CDA2CFC00DB73FA /* Salon.swift */; };
		A7165F9A2CDA2F8800DB73FA /* MapView.swift in Sources */ = {isa = PBXBuildFile; fileRef = A7165F992CDA2F8800DB73FA /* MapView.swift */; };
		A7165F9C2CDA35F200DB73FA /* ServiceRowView.swift in Sources */ = {isa = PBXBuildFile; fileRef = A7165F9B2CDA35F200DB73FA /* ServiceRowView.swift */; };
		A7165F9E2CDA360C00DB73FA /* Service.swift in Sources */ = {isa = PBXBuildFile; fileRef = A7165F9D2CDA360700DB73FA /* Service.swift */; };
		A7165FA02CDA36EC00DB73FA /* ServiceCategory.swift in Sources */ = {isa = PBXBuildFile; fileRef = A7165F9F2CDA36DF00DB73FA /* ServiceCategory.swift */; };
		A72795A12CCBD75500E7DF7E /* HomeImageView.swift in Sources */ = {isa = PBXBuildFile; fileRef = A72795A02CCBD75500E7DF7E /* HomeImageView.swift */; };
		A74FA6072CEE1DDC0025BB6D /* AppointmentsHistoryView.swift in Sources */ = {isa = PBXBuildFile; fileRef = A74FA6062CEE1DDC0025BB6D /* AppointmentsHistoryView.swift */; };
		A74FA6092CEE241B0025BB6D /* MainView.swift in Sources */ = {isa = PBXBuildFile; fileRef = A74FA6082CEE241B0025BB6D /* MainView.swift */; };
		A74FA60B2CEE6C590025BB6D /* AppointmentBookingViewModel.swift in Sources */ = {isa = PBXBuildFile; fileRef = A74FA60A2CEE6C4B0025BB6D /* AppointmentBookingViewModel.swift */; };
		A74FA60D2CEE6E270025BB6D /* AppointmentService.swift in Sources */ = {isa = PBXBuildFile; fileRef = A74FA60C2CEE6E1E0025BB6D /* AppointmentService.swift */; };
		A74FA6112CEE84390025BB6D /* JSON-DateCoder.swift in Sources */ = {isa = PBXBuildFile; fileRef = A74FA6102CEE84300025BB6D /* JSON-DateCoder.swift */; };
		A751DC282CECB6C80047B274 /* OpeningHours.swift in Sources */ = {isa = PBXBuildFile; fileRef = A751DC272CECB6BC0047B274 /* OpeningHours.swift */; };
		A751DC2A2CECB8F30047B274 /* Time.swift in Sources */ = {isa = PBXBuildFile; fileRef = A751DC292CECB8EC0047B274 /* Time.swift */; };
		A751DC2C2CECBBEC0047B274 /* TimeSlot.swift in Sources */ = {isa = PBXBuildFile; fileRef = A751DC2B2CECBBE50047B274 /* TimeSlot.swift */; };
		A751DC2E2CECC2F70047B274 /* AppointmentRowView.swift in Sources */ = {isa = PBXBuildFile; fileRef = A751DC2D2CECC2F70047B274 /* AppointmentRowView.swift */; };
		A75207C52CC51BB500520CD7 /* Client.swift in Sources */ = {isa = PBXBuildFile; fileRef = A75207C42CC51BB500520CD7 /* Client.swift */; };
		A75207C72CC5650000520CD7 /* AuthService.swift in Sources */ = {isa = PBXBuildFile; fileRef = A75207C62CC564FB00520CD7 /* AuthService.swift */; };
		A75207C92CC565EA00520CD7 /* APIEndpoints.swift in Sources */ = {isa = PBXBuildFile; fileRef = A75207C82CC565DD00520CD7 /* APIEndpoints.swift */; };
		A75207CB2CC56DAF00520CD7 /* LoginViewModel.swift in Sources */ = {isa = PBXBuildFile; fileRef = A75207CA2CC56DA700520CD7 /* LoginViewModel.swift */; };
		A7668F2C2CC2A49D007E1AAF /* HexColor.swift in Sources */ = {isa = PBXBuildFile; fileRef = A7668F2B2CC2A491007E1AAF /* HexColor.swift */; };
		A77D46DC2CBE812E005FC0D5 /* Preview Assets.xcassets in Resources */ = {isa = PBXBuildFile; fileRef = A77D46CE2CBE812E005FC0D5 /* Preview Assets.xcassets */; };
		A77D46DD2CBE812E005FC0D5 /* Assets.xcassets in Resources */ = {isa = PBXBuildFile; fileRef = A77D46D92CBE812E005FC0D5 /* Assets.xcassets */; };
		A77D46DE2CBE812E005FC0D5 /* InputView.swift in Sources */ = {isa = PBXBuildFile; fileRef = A77D46D42CBE812E005FC0D5 /* InputView.swift */; };
		A77D46DF2CBE812E005FC0D5 /* LoginView.swift in Sources */ = {isa = PBXBuildFile; fileRef = A77D46D62CBE812E005FC0D5 /* LoginView.swift */; };
		A77D46E02CBE812E005FC0D5 /* RegistrationView.swift in Sources */ = {isa = PBXBuildFile; fileRef = A77D46D72CBE812E005FC0D5 /* RegistrationView.swift */; };
		A77D46E12CBE812E005FC0D5 /* ContentView.swift in Sources */ = {isa = PBXBuildFile; fileRef = A77D46DA2CBE812E005FC0D5 /* ContentView.swift */; };
		A77D46E22CBE812E005FC0D5 /* Umow_sieApp.swift in Sources */ = {isa = PBXBuildFile; fileRef = A77D46DB2CBE812E005FC0D5 /* Umow_sieApp.swift */; };
		A77D46F52CBE8ACD005FC0D5 /* ForgotPasswordView.swift in Sources */ = {isa = PBXBuildFile; fileRef = A77D46F42CBE8ACD005FC0D5 /* ForgotPasswordView.swift */; };
		A77D46F92CBE8F63005FC0D5 /* KeyboardHelper.swift in Sources */ = {isa = PBXBuildFile; fileRef = A77D46F82CBE8F57005FC0D5 /* KeyboardHelper.swift */; };
		A77D46FB2CBE8FA8005FC0D5 /* HideKeyboardOnGesture.swift in Sources */ = {isa = PBXBuildFile; fileRef = A77D46FA2CBE8F9B005FC0D5 /* HideKeyboardOnGesture.swift */; };
		A77D46FD2CBE91F4005FC0D5 /* KeyboardManager.swift in Sources */ = {isa = PBXBuildFile; fileRef = A77D46FC2CBE91E7005FC0D5 /* KeyboardManager.swift */; };
		A7A4D1AD2CE407030021D2DF /* HomeViewModel.swift in Sources */ = {isa = PBXBuildFile; fileRef = A7A4D1AC2CE407030021D2DF /* HomeViewModel.swift */; };
		A7A4D1AF2CE409D60021D2DF /* SalonService.swift in Sources */ = {isa = PBXBuildFile; fileRef = A7A4D1AE2CE409CC0021D2DF /* SalonService.swift */; };
		A7A921F62CCA4E72006D8006 /* HomeView.swift in Sources */ = {isa = PBXBuildFile; fileRef = A7A921F52CCA4E72006D8006 /* HomeView.swift */; };
		A7A921F82CCA58AE006D8006 /* SalonRowView.swift in Sources */ = {isa = PBXBuildFile; fileRef = A7A921F72CCA58AE006D8006 /* SalonRowView.swift */; };
		A7D1A55D2CEFE70D000025F5 /* Appointment.swift in Sources */ = {isa = PBXBuildFile; fileRef = A7D1A55C2CEFE705000025F5 /* Appointment.swift */; };
		A7D9AD5A2CC6F1BA003CDD9A /* RegistrationViewModel.swift in Sources */ = {isa = PBXBuildFile; fileRef = A7D9AD592CC6F1BA003CDD9A /* RegistrationViewModel.swift */; };
		A7DE60A52CE0E3EA001CB1E6 /* AppointmentBookingView.swift in Sources */ = {isa = PBXBuildFile; fileRef = A7DE60A42CE0E3EA001CB1E6 /* AppointmentBookingView.swift */; };
		A7DE60A92CE0ED11001CB1E6 /* ChoiceView.swift in Sources */ = {isa = PBXBuildFile; fileRef = A7DE60A82CE0ED11001CB1E6 /* ChoiceView.swift */; };
		A7F421DE2CF0BF300055EA96 /* AddRatingView.swift in Sources */ = {isa = PBXBuildFile; fileRef = A7F421DD2CF0BF300055EA96 /* AddRatingView.swift */; };
		A7F421E02CF0C2D30055EA96 /* StarRatingView.swift in Sources */ = {isa = PBXBuildFile; fileRef = A7F421DF2CF0C2D30055EA96 /* StarRatingView.swift */; };
		A7F83E992CF0D0D800D35CA6 /* FormTextView.swift in Sources */ = {isa = PBXBuildFile; fileRef = A7F83E982CF0D0D800D35CA6 /* FormTextView.swift */; };
/* End PBXBuildFile section */

/* Begin PBXContainerItemProxy section */
		A785E5512CB5361A00C1F087 /* PBXContainerItemProxy */ = {
			isa = PBXContainerItemProxy;
			containerPortal = A785E5382CB5361900C1F087 /* Project object */;
			proxyType = 1;
			remoteGlobalIDString = A785E53F2CB5361900C1F087;
			remoteInfo = Umow.sie;
		};
		A785E55B2CB5361A00C1F087 /* PBXContainerItemProxy */ = {
			isa = PBXContainerItemProxy;
			containerPortal = A785E5382CB5361900C1F087 /* Project object */;
			proxyType = 1;
			remoteGlobalIDString = A785E53F2CB5361900C1F087;
			remoteInfo = Umow.sie;
		};
/* End PBXContainerItemProxy section */

/* Begin PBXFileReference section */
		A705CB6F2CE5528400D27EC5 /* SalonDetailViewModel.swift */ = {isa = PBXFileReference; lastKnownFileType = sourcecode.swift; path = SalonDetailViewModel.swift; sourceTree = "<group>"; };
		A705CB712CE6BB7B00D27EC5 /* Employee.swift */ = {isa = PBXFileReference; lastKnownFileType = sourcecode.swift; path = Employee.swift; sourceTree = "<group>"; };
		A7165F942CDA2BE800DB73FA /* SalonDetailView.swift */ = {isa = PBXFileReference; lastKnownFileType = sourcecode.swift; path = SalonDetailView.swift; sourceTree = "<group>"; };
		A7165F972CDA2CFC00DB73FA /* Salon.swift */ = {isa = PBXFileReference; lastKnownFileType = sourcecode.swift; path = Salon.swift; sourceTree = "<group>"; };
		A7165F992CDA2F8800DB73FA /* MapView.swift */ = {isa = PBXFileReference; lastKnownFileType = sourcecode.swift; path = MapView.swift; sourceTree = "<group>"; };
		A7165F9B2CDA35F200DB73FA /* ServiceRowView.swift */ = {isa = PBXFileReference; lastKnownFileType = sourcecode.swift; path = ServiceRowView.swift; sourceTree = "<group>"; };
		A7165F9D2CDA360700DB73FA /* Service.swift */ = {isa = PBXFileReference; lastKnownFileType = sourcecode.swift; path = Service.swift; sourceTree = "<group>"; };
		A7165F9F2CDA36DF00DB73FA /* ServiceCategory.swift */ = {isa = PBXFileReference; lastKnownFileType = sourcecode.swift; path = ServiceCategory.swift; sourceTree = "<group>"; };
		A72795A02CCBD75500E7DF7E /* HomeImageView.swift */ = {isa = PBXFileReference; lastKnownFileType = sourcecode.swift; path = HomeImageView.swift; sourceTree = "<group>"; };
		A74FA6062CEE1DDC0025BB6D /* AppointmentsHistoryView.swift */ = {isa = PBXFileReference; lastKnownFileType = sourcecode.swift; path = AppointmentsHistoryView.swift; sourceTree = "<group>"; };
		A74FA6082CEE241B0025BB6D /* MainView.swift */ = {isa = PBXFileReference; lastKnownFileType = sourcecode.swift; path = MainView.swift; sourceTree = "<group>"; };
		A74FA60A2CEE6C4B0025BB6D /* AppointmentBookingViewModel.swift */ = {isa = PBXFileReference; lastKnownFileType = sourcecode.swift; path = AppointmentBookingViewModel.swift; sourceTree = "<group>"; };
		A74FA60C2CEE6E1E0025BB6D /* AppointmentService.swift */ = {isa = PBXFileReference; lastKnownFileType = sourcecode.swift; path = AppointmentService.swift; sourceTree = "<group>"; };
		A74FA6102CEE84300025BB6D /* JSON-DateCoder.swift */ = {isa = PBXFileReference; lastKnownFileType = sourcecode.swift; path = "JSON-DateCoder.swift"; sourceTree = "<group>"; };
		A751DC272CECB6BC0047B274 /* OpeningHours.swift */ = {isa = PBXFileReference; lastKnownFileType = sourcecode.swift; path = OpeningHours.swift; sourceTree = "<group>"; };
		A751DC292CECB8EC0047B274 /* Time.swift */ = {isa = PBXFileReference; lastKnownFileType = sourcecode.swift; path = Time.swift; sourceTree = "<group>"; };
		A751DC2B2CECBBE50047B274 /* TimeSlot.swift */ = {isa = PBXFileReference; lastKnownFileType = sourcecode.swift; path = TimeSlot.swift; sourceTree = "<group>"; };
		A751DC2D2CECC2F70047B274 /* AppointmentRowView.swift */ = {isa = PBXFileReference; lastKnownFileType = sourcecode.swift; path = AppointmentRowView.swift; sourceTree = "<group>"; };
		A75207C42CC51BB500520CD7 /* Client.swift */ = {isa = PBXFileReference; lastKnownFileType = sourcecode.swift; path = Client.swift; sourceTree = "<group>"; };
		A75207C62CC564FB00520CD7 /* AuthService.swift */ = {isa = PBXFileReference; lastKnownFileType = sourcecode.swift; path = AuthService.swift; sourceTree = "<group>"; };
		A75207C82CC565DD00520CD7 /* APIEndpoints.swift */ = {isa = PBXFileReference; lastKnownFileType = sourcecode.swift; path = APIEndpoints.swift; sourceTree = "<group>"; };
		A75207CA2CC56DA700520CD7 /* LoginViewModel.swift */ = {isa = PBXFileReference; lastKnownFileType = sourcecode.swift; path = LoginViewModel.swift; sourceTree = "<group>"; };
		A7668F2B2CC2A491007E1AAF /* HexColor.swift */ = {isa = PBXFileReference; lastKnownFileType = sourcecode.swift; path = HexColor.swift; sourceTree = "<group>"; };
		A77D46CE2CBE812E005FC0D5 /* Preview Assets.xcassets */ = {isa = PBXFileReference; lastKnownFileType = folder.assetcatalog; path = "Preview Assets.xcassets"; sourceTree = "<group>"; };
		A77D46D42CBE812E005FC0D5 /* InputView.swift */ = {isa = PBXFileReference; lastKnownFileType = sourcecode.swift; path = InputView.swift; sourceTree = "<group>"; };
		A77D46D62CBE812E005FC0D5 /* LoginView.swift */ = {isa = PBXFileReference; lastKnownFileType = sourcecode.swift; path = LoginView.swift; sourceTree = "<group>"; };
		A77D46D72CBE812E005FC0D5 /* RegistrationView.swift */ = {isa = PBXFileReference; lastKnownFileType = sourcecode.swift; path = RegistrationView.swift; sourceTree = "<group>"; };
		A77D46D92CBE812E005FC0D5 /* Assets.xcassets */ = {isa = PBXFileReference; lastKnownFileType = folder.assetcatalog; path = Assets.xcassets; sourceTree = "<group>"; };
		A77D46DA2CBE812E005FC0D5 /* ContentView.swift */ = {isa = PBXFileReference; lastKnownFileType = sourcecode.swift; path = ContentView.swift; sourceTree = "<group>"; };
		A77D46DB2CBE812E005FC0D5 /* Umow_sieApp.swift */ = {isa = PBXFileReference; lastKnownFileType = sourcecode.swift; path = Umow_sieApp.swift; sourceTree = "<group>"; };
		A77D46F42CBE8ACD005FC0D5 /* ForgotPasswordView.swift */ = {isa = PBXFileReference; lastKnownFileType = sourcecode.swift; path = ForgotPasswordView.swift; sourceTree = "<group>"; };
		A77D46F82CBE8F57005FC0D5 /* KeyboardHelper.swift */ = {isa = PBXFileReference; lastKnownFileType = sourcecode.swift; path = KeyboardHelper.swift; sourceTree = "<group>"; };
		A77D46FA2CBE8F9B005FC0D5 /* HideKeyboardOnGesture.swift */ = {isa = PBXFileReference; lastKnownFileType = sourcecode.swift; path = HideKeyboardOnGesture.swift; sourceTree = "<group>"; };
		A77D46FC2CBE91E7005FC0D5 /* KeyboardManager.swift */ = {isa = PBXFileReference; lastKnownFileType = sourcecode.swift; path = KeyboardManager.swift; sourceTree = "<group>"; };
		A785E5402CB5361900C1F087 /* Umow.sie.app */ = {isa = PBXFileReference; explicitFileType = wrapper.application; includeInIndex = 0; path = Umow.sie.app; sourceTree = BUILT_PRODUCTS_DIR; };
		A785E5502CB5361A00C1F087 /* Umow.sieTests.xctest */ = {isa = PBXFileReference; explicitFileType = wrapper.cfbundle; includeInIndex = 0; path = Umow.sieTests.xctest; sourceTree = BUILT_PRODUCTS_DIR; };
		A785E55A2CB5361A00C1F087 /* Umow.sieUITests.xctest */ = {isa = PBXFileReference; explicitFileType = wrapper.cfbundle; includeInIndex = 0; path = Umow.sieUITests.xctest; sourceTree = BUILT_PRODUCTS_DIR; };
		A7A4D1AC2CE407030021D2DF /* HomeViewModel.swift */ = {isa = PBXFileReference; lastKnownFileType = sourcecode.swift; path = HomeViewModel.swift; sourceTree = "<group>"; };
		A7A4D1AE2CE409CC0021D2DF /* SalonService.swift */ = {isa = PBXFileReference; lastKnownFileType = sourcecode.swift; path = SalonService.swift; sourceTree = "<group>"; };
		A7A4D1B02CE414990021D2DF /* MyPlayground.playground */ = {isa = PBXFileReference; lastKnownFileType = file.playground; path = MyPlayground.playground; sourceTree = "<group>"; xcLanguageSpecificationIdentifier = xcode.lang.swift; };
		A7A921F52CCA4E72006D8006 /* HomeView.swift */ = {isa = PBXFileReference; lastKnownFileType = sourcecode.swift; path = HomeView.swift; sourceTree = "<group>"; };
		A7A921F72CCA58AE006D8006 /* SalonRowView.swift */ = {isa = PBXFileReference; lastKnownFileType = sourcecode.swift; path = SalonRowView.swift; sourceTree = "<group>"; };
		A7D1A55C2CEFE705000025F5 /* Appointment.swift */ = {isa = PBXFileReference; lastKnownFileType = sourcecode.swift; path = Appointment.swift; sourceTree = "<group>"; };
		A7D9AD592CC6F1BA003CDD9A /* RegistrationViewModel.swift */ = {isa = PBXFileReference; lastKnownFileType = sourcecode.swift; path = RegistrationViewModel.swift; sourceTree = "<group>"; };
		A7DE60A42CE0E3EA001CB1E6 /* AppointmentBookingView.swift */ = {isa = PBXFileReference; lastKnownFileType = sourcecode.swift; path = AppointmentBookingView.swift; sourceTree = "<group>"; };
		A7DE60A82CE0ED11001CB1E6 /* ChoiceView.swift */ = {isa = PBXFileReference; lastKnownFileType = sourcecode.swift; path = ChoiceView.swift; sourceTree = "<group>"; };
		A7F421DD2CF0BF300055EA96 /* AddRatingView.swift */ = {isa = PBXFileReference; lastKnownFileType = sourcecode.swift; path = AddRatingView.swift; sourceTree = "<group>"; };
		A7F421DF2CF0C2D30055EA96 /* StarRatingView.swift */ = {isa = PBXFileReference; lastKnownFileType = sourcecode.swift; path = StarRatingView.swift; sourceTree = "<group>"; };
		A7F83E982CF0D0D800D35CA6 /* FormTextView.swift */ = {isa = PBXFileReference; lastKnownFileType = sourcecode.swift; path = FormTextView.swift; sourceTree = "<group>"; };
/* End PBXFileReference section */

/* Begin PBXFileSystemSynchronizedRootGroup section */
		A785E5532CB5361A00C1F087 /* Umow.sieTests */ = {
			isa = PBXFileSystemSynchronizedRootGroup;
			path = Umow.sieTests;
			sourceTree = "<group>";
		};
		A785E55D2CB5361A00C1F087 /* Umow.sieUITests */ = {
			isa = PBXFileSystemSynchronizedRootGroup;
			path = Umow.sieUITests;
			sourceTree = "<group>";
		};
/* End PBXFileSystemSynchronizedRootGroup section */

/* Begin PBXFrameworksBuildPhase section */
		A785E53D2CB5361900C1F087 /* Frameworks */ = {
			isa = PBXFrameworksBuildPhase;
			buildActionMask = 2147483647;
			files = (
			);
			runOnlyForDeploymentPostprocessing = 0;
		};
		A785E54D2CB5361A00C1F087 /* Frameworks */ = {
			isa = PBXFrameworksBuildPhase;
			buildActionMask = 2147483647;
			files = (
			);
			runOnlyForDeploymentPostprocessing = 0;
		};
		A785E5572CB5361A00C1F087 /* Frameworks */ = {
			isa = PBXFrameworksBuildPhase;
			buildActionMask = 2147483647;
			files = (
			);
			runOnlyForDeploymentPostprocessing = 0;
		};
/* End PBXFrameworksBuildPhase section */

/* Begin PBXGroup section */
		A77D46E92CBE820E005FC0D5 /* Umow.sie */ = {
			isa = PBXGroup;
			children = (
				A77D46F12CBE8274005FC0D5 /* App */,
				A77D46F02CBE8271005FC0D5 /* Models */,
				A77D46EF2CBE826F005FC0D5 /* Views */,
				A77D46EE2CBE826C005FC0D5 /* ViewModels */,
				A77D46ED2CBE826A005FC0D5 /* Services */,
				A77D46EC2CBE8267005FC0D5 /* Utils */,
				A77D46EB2CBE8264005FC0D5 /* Resources */,
				A77D46F32CBE8331005FC0D5 /* Preview Content */,
				A77D46D92CBE812E005FC0D5 /* Assets.xcassets */,
				A77D46DA2CBE812E005FC0D5 /* ContentView.swift */,
				A7A4D1B02CE414990021D2DF /* MyPlayground.playground */,
			);
			path = Umow.sie;
			sourceTree = "<group>";
		};
		A77D46EB2CBE8264005FC0D5 /* Resources */ = {
			isa = PBXGroup;
			children = (
			);
			path = Resources;
			sourceTree = "<group>";
		};
		A77D46EC2CBE8267005FC0D5 /* Utils */ = {
			isa = PBXGroup;
			children = (
				A77D46F62CBE8F3D005FC0D5 /* Extensions */,
				A77D46F72CBE8F45005FC0D5 /* Helpers */,
			);
			path = Utils;
			sourceTree = "<group>";
		};
		A77D46ED2CBE826A005FC0D5 /* Services */ = {
			isa = PBXGroup;
			children = (
				A75207C82CC565DD00520CD7 /* APIEndpoints.swift */,
				A75207C62CC564FB00520CD7 /* AuthService.swift */,
				A7A4D1AE2CE409CC0021D2DF /* SalonService.swift */,
				A74FA60C2CEE6E1E0025BB6D /* AppointmentService.swift */,
			);
			path = Services;
			sourceTree = "<group>";
		};
		A77D46EE2CBE826C005FC0D5 /* ViewModels */ = {
			isa = PBXGroup;
			children = (
				A75207CA2CC56DA700520CD7 /* LoginViewModel.swift */,
				A7D9AD592CC6F1BA003CDD9A /* RegistrationViewModel.swift */,
				A7A4D1AC2CE407030021D2DF /* HomeViewModel.swift */,
				A705CB6F2CE5528400D27EC5 /* SalonDetailViewModel.swift */,
				A74FA60A2CEE6C4B0025BB6D /* AppointmentBookingViewModel.swift */,
			);
			path = ViewModels;
			sourceTree = "<group>";
		};
		A77D46EF2CBE826F005FC0D5 /* Views */ = {
			isa = PBXGroup;
			children = (
				A77D46F22CBE82F4005FC0D5 /* Components */,
				A74FA6082CEE241B0025BB6D /* MainView.swift */,
				A77D46D62CBE812E005FC0D5 /* LoginView.swift */,
				A77D46D72CBE812E005FC0D5 /* RegistrationView.swift */,
				A77D46F42CBE8ACD005FC0D5 /* ForgotPasswordView.swift */,
				A7A921F52CCA4E72006D8006 /* HomeView.swift */,
				A7165F942CDA2BE800DB73FA /* SalonDetailView.swift */,
				A7DE60A42CE0E3EA001CB1E6 /* AppointmentBookingView.swift */,
				A74FA6062CEE1DDC0025BB6D /* AppointmentsHistoryView.swift */,
				A7F421DD2CF0BF300055EA96 /* AddRatingView.swift */,
			);
			path = Views;
			sourceTree = "<group>";
		};
		A77D46F02CBE8271005FC0D5 /* Models */ = {
			isa = PBXGroup;
			children = (
				A7D1A55C2CEFE705000025F5 /* Appointment.swift */,
				A751DC2B2CECBBE50047B274 /* TimeSlot.swift */,
				A751DC292CECB8EC0047B274 /* Time.swift */,
				A751DC272CECB6BC0047B274 /* OpeningHours.swift */,
				A705CB712CE6BB7B00D27EC5 /* Employee.swift */,
				A75207C42CC51BB500520CD7 /* Client.swift */,
				A7165F972CDA2CFC00DB73FA /* Salon.swift */,
				A7165F9F2CDA36DF00DB73FA /* ServiceCategory.swift */,
				A7165F9D2CDA360700DB73FA /* Service.swift */,
			);
			path = Models;
			sourceTree = "<group>";
		};
		A77D46F12CBE8274005FC0D5 /* App */ = {
			isa = PBXGroup;
			children = (
				A77D46DB2CBE812E005FC0D5 /* Umow_sieApp.swift */,
			);
			path = App;
			sourceTree = "<group>";
		};
		A77D46F22CBE82F4005FC0D5 /* Components */ = {
			isa = PBXGroup;
			children = (
				A7165F992CDA2F8800DB73FA /* MapView.swift */,
				A77D46D42CBE812E005FC0D5 /* InputView.swift */,
				A7A921F72CCA58AE006D8006 /* SalonRowView.swift */,
				A72795A02CCBD75500E7DF7E /* HomeImageView.swift */,
				A7165F9B2CDA35F200DB73FA /* ServiceRowView.swift */,
				A7DE60A82CE0ED11001CB1E6 /* ChoiceView.swift */,
				A751DC2D2CECC2F70047B274 /* AppointmentRowView.swift */,
				A7F421DF2CF0C2D30055EA96 /* StarRatingView.swift */,
				A7F83E982CF0D0D800D35CA6 /* FormTextView.swift */,
			);
			path = Components;
			sourceTree = "<group>";
		};
		A77D46F32CBE8331005FC0D5 /* Preview Content */ = {
			isa = PBXGroup;
			children = (
				A77D46CE2CBE812E005FC0D5 /* Preview Assets.xcassets */,
			);
			path = "Preview Content";
			sourceTree = "<group>";
		};
		A77D46F62CBE8F3D005FC0D5 /* Extensions */ = {
			isa = PBXGroup;
			children = (
				A74FA6102CEE84300025BB6D /* JSON-DateCoder.swift */,
				A7668F2B2CC2A491007E1AAF /* HexColor.swift */,
			);
			path = Extensions;
			sourceTree = "<group>";
		};
		A77D46F72CBE8F45005FC0D5 /* Helpers */ = {
			isa = PBXGroup;
			children = (
				A77D46FC2CBE91E7005FC0D5 /* KeyboardManager.swift */,
				A77D46FA2CBE8F9B005FC0D5 /* HideKeyboardOnGesture.swift */,
				A77D46F82CBE8F57005FC0D5 /* KeyboardHelper.swift */,
			);
			path = Helpers;
			sourceTree = "<group>";
		};
		A785E5372CB5361900C1F087 = {
			isa = PBXGroup;
			children = (
				A77D46E92CBE820E005FC0D5 /* Umow.sie */,
				A785E5532CB5361A00C1F087 /* Umow.sieTests */,
				A785E55D2CB5361A00C1F087 /* Umow.sieUITests */,
				A785E5412CB5361900C1F087 /* Products */,
			);
			sourceTree = "<group>";
		};
		A785E5412CB5361900C1F087 /* Products */ = {
			isa = PBXGroup;
			children = (
				A785E5402CB5361900C1F087 /* Umow.sie.app */,
				A785E5502CB5361A00C1F087 /* Umow.sieTests.xctest */,
				A785E55A2CB5361A00C1F087 /* Umow.sieUITests.xctest */,
			);
			name = Products;
			sourceTree = "<group>";
		};
/* End PBXGroup section */

/* Begin PBXNativeTarget section */
		A785E53F2CB5361900C1F087 /* Umow.sie */ = {
			isa = PBXNativeTarget;
			buildConfigurationList = A785E5642CB5361A00C1F087 /* Build configuration list for PBXNativeTarget "Umow.sie" */;
			buildPhases = (
				A785E53C2CB5361900C1F087 /* Sources */,
				A785E53D2CB5361900C1F087 /* Frameworks */,
				A785E53E2CB5361900C1F087 /* Resources */,
			);
			buildRules = (
			);
			dependencies = (
			);
			name = Umow.sie;
			packageProductDependencies = (
			);
			productName = Umow.sie;
			productReference = A785E5402CB5361900C1F087 /* Umow.sie.app */;
			productType = "com.apple.product-type.application";
		};
		A785E54F2CB5361A00C1F087 /* Umow.sieTests */ = {
			isa = PBXNativeTarget;
			buildConfigurationList = A785E5672CB5361A00C1F087 /* Build configuration list for PBXNativeTarget "Umow.sieTests" */;
			buildPhases = (
				A785E54C2CB5361A00C1F087 /* Sources */,
				A785E54D2CB5361A00C1F087 /* Frameworks */,
				A785E54E2CB5361A00C1F087 /* Resources */,
			);
			buildRules = (
			);
			dependencies = (
				A785E5522CB5361A00C1F087 /* PBXTargetDependency */,
			);
			fileSystemSynchronizedGroups = (
				A785E5532CB5361A00C1F087 /* Umow.sieTests */,
			);
			name = Umow.sieTests;
			packageProductDependencies = (
			);
			productName = Umow.sieTests;
			productReference = A785E5502CB5361A00C1F087 /* Umow.sieTests.xctest */;
			productType = "com.apple.product-type.bundle.unit-test";
		};
		A785E5592CB5361A00C1F087 /* Umow.sieUITests */ = {
			isa = PBXNativeTarget;
			buildConfigurationList = A785E56A2CB5361A00C1F087 /* Build configuration list for PBXNativeTarget "Umow.sieUITests" */;
			buildPhases = (
				A785E5562CB5361A00C1F087 /* Sources */,
				A785E5572CB5361A00C1F087 /* Frameworks */,
				A785E5582CB5361A00C1F087 /* Resources */,
			);
			buildRules = (
			);
			dependencies = (
				A785E55C2CB5361A00C1F087 /* PBXTargetDependency */,
			);
			fileSystemSynchronizedGroups = (
				A785E55D2CB5361A00C1F087 /* Umow.sieUITests */,
			);
			name = Umow.sieUITests;
			packageProductDependencies = (
			);
			productName = Umow.sieUITests;
			productReference = A785E55A2CB5361A00C1F087 /* Umow.sieUITests.xctest */;
			productType = "com.apple.product-type.bundle.ui-testing";
		};
/* End PBXNativeTarget section */

/* Begin PBXProject section */
		A785E5382CB5361900C1F087 /* Project object */ = {
			isa = PBXProject;
			attributes = {
				BuildIndependentTargetsInParallel = 1;
				LastSwiftUpdateCheck = 1600;
				LastUpgradeCheck = 1600;
				TargetAttributes = {
					A785E53F2CB5361900C1F087 = {
						CreatedOnToolsVersion = 16.0;
					};
					A785E54F2CB5361A00C1F087 = {
						CreatedOnToolsVersion = 16.0;
						TestTargetID = A785E53F2CB5361900C1F087;
					};
					A785E5592CB5361A00C1F087 = {
						CreatedOnToolsVersion = 16.0;
						TestTargetID = A785E53F2CB5361900C1F087;
					};
				};
			};
			buildConfigurationList = A785E53B2CB5361900C1F087 /* Build configuration list for PBXProject "Umow.sie" */;
			developmentRegion = pl;
			hasScannedForEncodings = 0;
			knownRegions = (
				en,
				Base,
				pl,
			);
			mainGroup = A785E5372CB5361900C1F087;
			minimizedProjectReferenceProxies = 1;
			preferredProjectObjectVersion = 77;
			productRefGroup = A785E5412CB5361900C1F087 /* Products */;
			projectDirPath = "";
			projectRoot = "";
			targets = (
				A785E53F2CB5361900C1F087 /* Umow.sie */,
				A785E54F2CB5361A00C1F087 /* Umow.sieTests */,
				A785E5592CB5361A00C1F087 /* Umow.sieUITests */,
			);
		};
/* End PBXProject section */

/* Begin PBXResourcesBuildPhase section */
		A785E53E2CB5361900C1F087 /* Resources */ = {
			isa = PBXResourcesBuildPhase;
			buildActionMask = 2147483647;
			files = (
				A77D46DC2CBE812E005FC0D5 /* Preview Assets.xcassets in Resources */,
				A77D46DD2CBE812E005FC0D5 /* Assets.xcassets in Resources */,
			);
			runOnlyForDeploymentPostprocessing = 0;
		};
		A785E54E2CB5361A00C1F087 /* Resources */ = {
			isa = PBXResourcesBuildPhase;
			buildActionMask = 2147483647;
			files = (
			);
			runOnlyForDeploymentPostprocessing = 0;
		};
		A785E5582CB5361A00C1F087 /* Resources */ = {
			isa = PBXResourcesBuildPhase;
			buildActionMask = 2147483647;
			files = (
			);
			runOnlyForDeploymentPostprocessing = 0;
		};
/* End PBXResourcesBuildPhase section */

/* Begin PBXSourcesBuildPhase section */
		A785E53C2CB5361900C1F087 /* Sources */ = {
			isa = PBXSourcesBuildPhase;
			buildActionMask = 2147483647;
			files = (
				A7A921F82CCA58AE006D8006 /* SalonRowView.swift in Sources */,
				A74FA6092CEE241B0025BB6D /* MainView.swift in Sources */,
				A751DC2C2CECBBEC0047B274 /* TimeSlot.swift in Sources */,
				A7165F9E2CDA360C00DB73FA /* Service.swift in Sources */,
				A705CB702CE5528400D27EC5 /* SalonDetailViewModel.swift in Sources */,
				A77D46DE2CBE812E005FC0D5 /* InputView.swift in Sources */,
				A751DC2E2CECC2F70047B274 /* AppointmentRowView.swift in Sources */,
				A75207C92CC565EA00520CD7 /* APIEndpoints.swift in Sources */,
				A77D46DF2CBE812E005FC0D5 /* LoginView.swift in Sources */,
				A74FA60B2CEE6C590025BB6D /* AppointmentBookingViewModel.swift in Sources */,
				A74FA6072CEE1DDC0025BB6D /* AppointmentsHistoryView.swift in Sources */,
				A75207C52CC51BB500520CD7 /* Client.swift in Sources */,
				A7F421DE2CF0BF300055EA96 /* AddRatingView.swift in Sources */,
				A72795A12CCBD75500E7DF7E /* HomeImageView.swift in Sources */,
				A7668F2C2CC2A49D007E1AAF /* HexColor.swift in Sources */,
				A7165F9A2CDA2F8800DB73FA /* MapView.swift in Sources */,
				A77D46F92CBE8F63005FC0D5 /* KeyboardHelper.swift in Sources */,
				A7F83E992CF0D0D800D35CA6 /* FormTextView.swift in Sources */,
				A7A4D1AD2CE407030021D2DF /* HomeViewModel.swift in Sources */,
				A7DE60A52CE0E3EA001CB1E6 /* AppointmentBookingView.swift in Sources */,
				A74FA6112CEE84390025BB6D /* JSON-DateCoder.swift in Sources */,
				A7D1A55D2CEFE70D000025F5 /* Appointment.swift in Sources */,
				A705CB722CE6BB8500D27EC5 /* Employee.swift in Sources */,
				A77D46E02CBE812E005FC0D5 /* RegistrationView.swift in Sources */,
				A75207C72CC5650000520CD7 /* AuthService.swift in Sources */,
				A75207CB2CC56DAF00520CD7 /* LoginViewModel.swift in Sources */,
				A7A4D1AF2CE409D60021D2DF /* SalonService.swift in Sources */,
				A77D46FB2CBE8FA8005FC0D5 /* HideKeyboardOnGesture.swift in Sources */,
				A7D9AD5A2CC6F1BA003CDD9A /* RegistrationViewModel.swift in Sources */,
				A751DC2A2CECB8F30047B274 /* Time.swift in Sources */,
				A7165FA02CDA36EC00DB73FA /* ServiceCategory.swift in Sources */,
				A74FA60D2CEE6E270025BB6D /* AppointmentService.swift in Sources */,
				A7165F952CDA2BE800DB73FA /* SalonDetailView.swift in Sources */,
				A7165F9C2CDA35F200DB73FA /* ServiceRowView.swift in Sources */,
				A77D46E12CBE812E005FC0D5 /* ContentView.swift in Sources */,
				A77D46F52CBE8ACD005FC0D5 /* ForgotPasswordView.swift in Sources */,
				A7F421E02CF0C2D30055EA96 /* StarRatingView.swift in Sources */,
				A7A921F62CCA4E72006D8006 /* HomeView.swift in Sources */,
				A77D46E22CBE812E005FC0D5 /* Umow_sieApp.swift in Sources */,
				A77D46FD2CBE91F4005FC0D5 /* KeyboardManager.swift in Sources */,
				A751DC282CECB6C80047B274 /* OpeningHours.swift in Sources */,
				A7165F982CDA2D0100DB73FA /* Salon.swift in Sources */,
				A7DE60A92CE0ED11001CB1E6 /* ChoiceView.swift in Sources */,
			);
			runOnlyForDeploymentPostprocessing = 0;
		};
		A785E54C2CB5361A00C1F087 /* Sources */ = {
			isa = PBXSourcesBuildPhase;
			buildActionMask = 2147483647;
			files = (
			);
			runOnlyForDeploymentPostprocessing = 0;
		};
		A785E5562CB5361A00C1F087 /* Sources */ = {
			isa = PBXSourcesBuildPhase;
			buildActionMask = 2147483647;
			files = (
			);
			runOnlyForDeploymentPostprocessing = 0;
		};
/* End PBXSourcesBuildPhase section */

/* Begin PBXTargetDependency section */
		A785E5522CB5361A00C1F087 /* PBXTargetDependency */ = {
			isa = PBXTargetDependency;
			target = A785E53F2CB5361900C1F087 /* Umow.sie */;
			targetProxy = A785E5512CB5361A00C1F087 /* PBXContainerItemProxy */;
		};
		A785E55C2CB5361A00C1F087 /* PBXTargetDependency */ = {
			isa = PBXTargetDependency;
			target = A785E53F2CB5361900C1F087 /* Umow.sie */;
			targetProxy = A785E55B2CB5361A00C1F087 /* PBXContainerItemProxy */;
		};
/* End PBXTargetDependency section */

/* Begin XCBuildConfiguration section */
		A785E5622CB5361A00C1F087 /* Debug */ = {
			isa = XCBuildConfiguration;
			buildSettings = {
				ALWAYS_SEARCH_USER_PATHS = NO;
				ASSETCATALOG_COMPILER_GENERATE_SWIFT_ASSET_SYMBOL_EXTENSIONS = YES;
				CLANG_ANALYZER_NONNULL = YES;
				CLANG_ANALYZER_NUMBER_OBJECT_CONVERSION = YES_AGGRESSIVE;
				CLANG_CXX_LANGUAGE_STANDARD = "gnu++20";
				CLANG_ENABLE_MODULES = YES;
				CLANG_ENABLE_OBJC_ARC = YES;
				CLANG_ENABLE_OBJC_WEAK = YES;
				CLANG_WARN_BLOCK_CAPTURE_AUTORELEASING = YES;
				CLANG_WARN_BOOL_CONVERSION = YES;
				CLANG_WARN_COMMA = YES;
				CLANG_WARN_CONSTANT_CONVERSION = YES;
				CLANG_WARN_DEPRECATED_OBJC_IMPLEMENTATIONS = YES;
				CLANG_WARN_DIRECT_OBJC_ISA_USAGE = YES_ERROR;
				CLANG_WARN_DOCUMENTATION_COMMENTS = YES;
				CLANG_WARN_EMPTY_BODY = YES;
				CLANG_WARN_ENUM_CONVERSION = YES;
				CLANG_WARN_INFINITE_RECURSION = YES;
				CLANG_WARN_INT_CONVERSION = YES;
				CLANG_WARN_NON_LITERAL_NULL_CONVERSION = YES;
				CLANG_WARN_OBJC_IMPLICIT_RETAIN_SELF = YES;
				CLANG_WARN_OBJC_LITERAL_CONVERSION = YES;
				CLANG_WARN_OBJC_ROOT_CLASS = YES_ERROR;
				CLANG_WARN_QUOTED_INCLUDE_IN_FRAMEWORK_HEADER = YES;
				CLANG_WARN_RANGE_LOOP_ANALYSIS = YES;
				CLANG_WARN_STRICT_PROTOTYPES = YES;
				CLANG_WARN_SUSPICIOUS_MOVE = YES;
				CLANG_WARN_UNGUARDED_AVAILABILITY = YES_AGGRESSIVE;
				CLANG_WARN_UNREACHABLE_CODE = YES;
				CLANG_WARN__DUPLICATE_METHOD_MATCH = YES;
				COPY_PHASE_STRIP = NO;
				DEBUG_INFORMATION_FORMAT = dwarf;
				ENABLE_STRICT_OBJC_MSGSEND = YES;
				ENABLE_TESTABILITY = YES;
				ENABLE_USER_SCRIPT_SANDBOXING = YES;
				GCC_C_LANGUAGE_STANDARD = gnu17;
				GCC_DYNAMIC_NO_PIC = NO;
				GCC_NO_COMMON_BLOCKS = YES;
				GCC_OPTIMIZATION_LEVEL = 0;
				GCC_PREPROCESSOR_DEFINITIONS = (
					"DEBUG=1",
					"$(inherited)",
				);
				GCC_WARN_64_TO_32_BIT_CONVERSION = YES;
				GCC_WARN_ABOUT_RETURN_TYPE = YES_ERROR;
				GCC_WARN_UNDECLARED_SELECTOR = YES;
				GCC_WARN_UNINITIALIZED_AUTOS = YES_AGGRESSIVE;
				GCC_WARN_UNUSED_FUNCTION = YES;
				GCC_WARN_UNUSED_VARIABLE = YES;
				IPHONEOS_DEPLOYMENT_TARGET = 18.0;
				LOCALIZATION_PREFERS_STRING_CATALOGS = YES;
				MTL_ENABLE_DEBUG_INFO = INCLUDE_SOURCE;
				MTL_FAST_MATH = YES;
				ONLY_ACTIVE_ARCH = YES;
				SDKROOT = iphoneos;
				SWIFT_ACTIVE_COMPILATION_CONDITIONS = "DEBUG $(inherited)";
				SWIFT_OPTIMIZATION_LEVEL = "-Onone";
			};
			name = Debug;
		};
		A785E5632CB5361A00C1F087 /* Release */ = {
			isa = XCBuildConfiguration;
			buildSettings = {
				ALWAYS_SEARCH_USER_PATHS = NO;
				ASSETCATALOG_COMPILER_GENERATE_SWIFT_ASSET_SYMBOL_EXTENSIONS = YES;
				CLANG_ANALYZER_NONNULL = YES;
				CLANG_ANALYZER_NUMBER_OBJECT_CONVERSION = YES_AGGRESSIVE;
				CLANG_CXX_LANGUAGE_STANDARD = "gnu++20";
				CLANG_ENABLE_MODULES = YES;
				CLANG_ENABLE_OBJC_ARC = YES;
				CLANG_ENABLE_OBJC_WEAK = YES;
				CLANG_WARN_BLOCK_CAPTURE_AUTORELEASING = YES;
				CLANG_WARN_BOOL_CONVERSION = YES;
				CLANG_WARN_COMMA = YES;
				CLANG_WARN_CONSTANT_CONVERSION = YES;
				CLANG_WARN_DEPRECATED_OBJC_IMPLEMENTATIONS = YES;
				CLANG_WARN_DIRECT_OBJC_ISA_USAGE = YES_ERROR;
				CLANG_WARN_DOCUMENTATION_COMMENTS = YES;
				CLANG_WARN_EMPTY_BODY = YES;
				CLANG_WARN_ENUM_CONVERSION = YES;
				CLANG_WARN_INFINITE_RECURSION = YES;
				CLANG_WARN_INT_CONVERSION = YES;
				CLANG_WARN_NON_LITERAL_NULL_CONVERSION = YES;
				CLANG_WARN_OBJC_IMPLICIT_RETAIN_SELF = YES;
				CLANG_WARN_OBJC_LITERAL_CONVERSION = YES;
				CLANG_WARN_OBJC_ROOT_CLASS = YES_ERROR;
				CLANG_WARN_QUOTED_INCLUDE_IN_FRAMEWORK_HEADER = YES;
				CLANG_WARN_RANGE_LOOP_ANALYSIS = YES;
				CLANG_WARN_STRICT_PROTOTYPES = YES;
				CLANG_WARN_SUSPICIOUS_MOVE = YES;
				CLANG_WARN_UNGUARDED_AVAILABILITY = YES_AGGRESSIVE;
				CLANG_WARN_UNREACHABLE_CODE = YES;
				CLANG_WARN__DUPLICATE_METHOD_MATCH = YES;
				COPY_PHASE_STRIP = NO;
				DEBUG_INFORMATION_FORMAT = "dwarf-with-dsym";
				ENABLE_NS_ASSERTIONS = NO;
				ENABLE_STRICT_OBJC_MSGSEND = YES;
				ENABLE_USER_SCRIPT_SANDBOXING = YES;
				GCC_C_LANGUAGE_STANDARD = gnu17;
				GCC_NO_COMMON_BLOCKS = YES;
				GCC_WARN_64_TO_32_BIT_CONVERSION = YES;
				GCC_WARN_ABOUT_RETURN_TYPE = YES_ERROR;
				GCC_WARN_UNDECLARED_SELECTOR = YES;
				GCC_WARN_UNINITIALIZED_AUTOS = YES_AGGRESSIVE;
				GCC_WARN_UNUSED_FUNCTION = YES;
				GCC_WARN_UNUSED_VARIABLE = YES;
				IPHONEOS_DEPLOYMENT_TARGET = 18.0;
				LOCALIZATION_PREFERS_STRING_CATALOGS = YES;
				MTL_ENABLE_DEBUG_INFO = NO;
				MTL_FAST_MATH = YES;
				SDKROOT = iphoneos;
				SWIFT_COMPILATION_MODE = wholemodule;
				VALIDATE_PRODUCT = YES;
			};
			name = Release;
		};
		A785E5652CB5361A00C1F087 /* Debug */ = {
			isa = XCBuildConfiguration;
			buildSettings = {
				ASSETCATALOG_COMPILER_APPICON_NAME = AppIcon;
				ASSETCATALOG_COMPILER_GLOBAL_ACCENT_COLOR_NAME = AccentColor;
				CODE_SIGN_STYLE = Automatic;
				CURRENT_PROJECT_VERSION = 1;
				DEVELOPMENT_ASSET_PATHS = "\"Umow.sie/Preview Content\"";
				DEVELOPMENT_TEAM = 4D3NF69SKS;
				ENABLE_PREVIEWS = YES;
				GENERATE_INFOPLIST_FILE = YES;
				INFOPLIST_KEY_UIApplicationSceneManifest_Generation = YES;
				INFOPLIST_KEY_UIApplicationSupportsIndirectInputEvents = YES;
				INFOPLIST_KEY_UILaunchScreen_Generation = YES;
				INFOPLIST_KEY_UISupportedInterfaceOrientations_iPad = "UIInterfaceOrientationPortrait UIInterfaceOrientationPortraitUpsideDown UIInterfaceOrientationLandscapeLeft UIInterfaceOrientationLandscapeRight";
				INFOPLIST_KEY_UISupportedInterfaceOrientations_iPhone = "UIInterfaceOrientationPortrait UIInterfaceOrientationLandscapeLeft UIInterfaceOrientationLandscapeRight";
				IPHONEOS_DEPLOYMENT_TARGET = 17.6;
				LD_RUNPATH_SEARCH_PATHS = (
					"$(inherited)",
					"@executable_path/Frameworks",
				);
				MARKETING_VERSION = 1.0;
				PRODUCT_BUNDLE_IDENTIFIER = "com.bartoszstrzecha.Umow-sie";
				PRODUCT_NAME = "$(TARGET_NAME)";
				SWIFT_EMIT_LOC_STRINGS = YES;
				SWIFT_VERSION = 5.0;
				TARGETED_DEVICE_FAMILY = "1,2";
			};
			name = Debug;
		};
		A785E5662CB5361A00C1F087 /* Release */ = {
			isa = XCBuildConfiguration;
			buildSettings = {
				ASSETCATALOG_COMPILER_APPICON_NAME = AppIcon;
				ASSETCATALOG_COMPILER_GLOBAL_ACCENT_COLOR_NAME = AccentColor;
				CODE_SIGN_STYLE = Automatic;
				CURRENT_PROJECT_VERSION = 1;
				DEVELOPMENT_ASSET_PATHS = "\"Umow.sie/Preview Content\"";
				DEVELOPMENT_TEAM = 4D3NF69SKS;
				ENABLE_PREVIEWS = YES;
				GENERATE_INFOPLIST_FILE = YES;
				INFOPLIST_KEY_UIApplicationSceneManifest_Generation = YES;
				INFOPLIST_KEY_UIApplicationSupportsIndirectInputEvents = YES;
				INFOPLIST_KEY_UILaunchScreen_Generation = YES;
				INFOPLIST_KEY_UISupportedInterfaceOrientations_iPad = "UIInterfaceOrientationPortrait UIInterfaceOrientationPortraitUpsideDown UIInterfaceOrientationLandscapeLeft UIInterfaceOrientationLandscapeRight";
				INFOPLIST_KEY_UISupportedInterfaceOrientations_iPhone = "UIInterfaceOrientationPortrait UIInterfaceOrientationLandscapeLeft UIInterfaceOrientationLandscapeRight";
				IPHONEOS_DEPLOYMENT_TARGET = 17.6;
				LD_RUNPATH_SEARCH_PATHS = (
					"$(inherited)",
					"@executable_path/Frameworks",
				);
				MARKETING_VERSION = 1.0;
				PRODUCT_BUNDLE_IDENTIFIER = "com.bartoszstrzecha.Umow-sie";
				PRODUCT_NAME = "$(TARGET_NAME)";
				SWIFT_EMIT_LOC_STRINGS = YES;
				SWIFT_VERSION = 5.0;
				TARGETED_DEVICE_FAMILY = "1,2";
			};
			name = Release;
		};
		A785E5682CB5361A00C1F087 /* Debug */ = {
			isa = XCBuildConfiguration;
			buildSettings = {
				BUNDLE_LOADER = "$(TEST_HOST)";
				CODE_SIGN_STYLE = Automatic;
				CURRENT_PROJECT_VERSION = 1;
				DEVELOPMENT_TEAM = 4D3NF69SKS;
				GENERATE_INFOPLIST_FILE = YES;
				IPHONEOS_DEPLOYMENT_TARGET = 18.0;
				MARKETING_VERSION = 1.0;
				PRODUCT_BUNDLE_IDENTIFIER = "com.bartoszstrzecha.Umow-sieTests";
				PRODUCT_NAME = "$(TARGET_NAME)";
				SWIFT_EMIT_LOC_STRINGS = NO;
				SWIFT_VERSION = 5.0;
				TARGETED_DEVICE_FAMILY = "1,2";
				TEST_HOST = "$(BUILT_PRODUCTS_DIR)/Umow.sie.app/$(BUNDLE_EXECUTABLE_FOLDER_PATH)/Umow.sie";
			};
			name = Debug;
		};
		A785E5692CB5361A00C1F087 /* Release */ = {
			isa = XCBuildConfiguration;
			buildSettings = {
				BUNDLE_LOADER = "$(TEST_HOST)";
				CODE_SIGN_STYLE = Automatic;
				CURRENT_PROJECT_VERSION = 1;
				DEVELOPMENT_TEAM = 4D3NF69SKS;
				GENERATE_INFOPLIST_FILE = YES;
				IPHONEOS_DEPLOYMENT_TARGET = 18.0;
				MARKETING_VERSION = 1.0;
				PRODUCT_BUNDLE_IDENTIFIER = "com.bartoszstrzecha.Umow-sieTests";
				PRODUCT_NAME = "$(TARGET_NAME)";
				SWIFT_EMIT_LOC_STRINGS = NO;
				SWIFT_VERSION = 5.0;
				TARGETED_DEVICE_FAMILY = "1,2";
				TEST_HOST = "$(BUILT_PRODUCTS_DIR)/Umow.sie.app/$(BUNDLE_EXECUTABLE_FOLDER_PATH)/Umow.sie";
			};
			name = Release;
		};
		A785E56B2CB5361A00C1F087 /* Debug */ = {
			isa = XCBuildConfiguration;
			buildSettings = {
				CODE_SIGN_STYLE = Automatic;
				CURRENT_PROJECT_VERSION = 1;
				DEVELOPMENT_TEAM = 4D3NF69SKS;
				GENERATE_INFOPLIST_FILE = YES;
				MARKETING_VERSION = 1.0;
				PRODUCT_BUNDLE_IDENTIFIER = "com.bartoszstrzecha.Umow-sieUITests";
				PRODUCT_NAME = "$(TARGET_NAME)";
				SWIFT_EMIT_LOC_STRINGS = NO;
				SWIFT_VERSION = 5.0;
				TARGETED_DEVICE_FAMILY = "1,2";
				TEST_TARGET_NAME = Umow.sie;
			};
			name = Debug;
		};
		A785E56C2CB5361A00C1F087 /* Release */ = {
			isa = XCBuildConfiguration;
			buildSettings = {
				CODE_SIGN_STYLE = Automatic;
				CURRENT_PROJECT_VERSION = 1;
				DEVELOPMENT_TEAM = 4D3NF69SKS;
				GENERATE_INFOPLIST_FILE = YES;
				MARKETING_VERSION = 1.0;
				PRODUCT_BUNDLE_IDENTIFIER = "com.bartoszstrzecha.Umow-sieUITests";
				PRODUCT_NAME = "$(TARGET_NAME)";
				SWIFT_EMIT_LOC_STRINGS = NO;
				SWIFT_VERSION = 5.0;
				TARGETED_DEVICE_FAMILY = "1,2";
				TEST_TARGET_NAME = Umow.sie;
			};
			name = Release;
		};
/* End XCBuildConfiguration section */

/* Begin XCConfigurationList section */
		A785E53B2CB5361900C1F087 /* Build configuration list for PBXProject "Umow.sie" */ = {
			isa = XCConfigurationList;
			buildConfigurations = (
				A785E5622CB5361A00C1F087 /* Debug */,
				A785E5632CB5361A00C1F087 /* Release */,
			);
			defaultConfigurationIsVisible = 0;
			defaultConfigurationName = Release;
		};
		A785E5642CB5361A00C1F087 /* Build configuration list for PBXNativeTarget "Umow.sie" */ = {
			isa = XCConfigurationList;
			buildConfigurations = (
				A785E5652CB5361A00C1F087 /* Debug */,
				A785E5662CB5361A00C1F087 /* Release */,
			);
			defaultConfigurationIsVisible = 0;
			defaultConfigurationName = Release;
		};
		A785E5672CB5361A00C1F087 /* Build configuration list for PBXNativeTarget "Umow.sieTests" */ = {
			isa = XCConfigurationList;
			buildConfigurations = (
				A785E5682CB5361A00C1F087 /* Debug */,
				A785E5692CB5361A00C1F087 /* Release */,
			);
			defaultConfigurationIsVisible = 0;
			defaultConfigurationName = Release;
		};
		A785E56A2CB5361A00C1F087 /* Build configuration list for PBXNativeTarget "Umow.sieUITests" */ = {
			isa = XCConfigurationList;
			buildConfigurations = (
				A785E56B2CB5361A00C1F087 /* Debug */,
				A785E56C2CB5361A00C1F087 /* Release */,
			);
			defaultConfigurationIsVisible = 0;
			defaultConfigurationName = Release;
		};
/* End XCConfigurationList section */
	};
	rootObject = A785E5382CB5361900C1F087 /* Project object */;
}
